// !$*UTF8*$!
{
	archiveVersion = 1;
	classes = {
	};
	objectVersion = 50;
	objects = {

/* Begin PBXBuildFile section */
		10F86346440C338098C79620 /* Pods_ThinkersDiary.framework in Frameworks */ = {isa = PBXBuildFile; fileRef = 6BE6913A637E343BFC8F1739 /* Pods_ThinkersDiary.framework */; };
		22311584253EBB7900B85BD4 /* AppDelegate.swift in Sources */ = {isa = PBXBuildFile; fileRef = 22311583253EBB7900B85BD4 /* AppDelegate.swift */; };
		22311586253EBB7900B85BD4 /* SceneDelegate.swift in Sources */ = {isa = PBXBuildFile; fileRef = 22311585253EBB7900B85BD4 /* SceneDelegate.swift */; };
		2231158B253EBB7900B85BD4 /* Main.storyboard in Resources */ = {isa = PBXBuildFile; fileRef = 22311589253EBB7900B85BD4 /* Main.storyboard */; };
		2231158D253EBB7900B85BD4 /* Assets.xcassets in Resources */ = {isa = PBXBuildFile; fileRef = 2231158C253EBB7900B85BD4 /* Assets.xcassets */; };
		22311590253EBB7900B85BD4 /* LaunchScreen.storyboard in Resources */ = {isa = PBXBuildFile; fileRef = 2231158E253EBB7900B85BD4 /* LaunchScreen.storyboard */; };
		2231159B253EBC7800B85BD4 /* RootViewController.swift in Sources */ = {isa = PBXBuildFile; fileRef = 22311599253EBC7700B85BD4 /* RootViewController.swift */; };
		2231159C253EBC7800B85BD4 /* RootViewController.xib in Resources */ = {isa = PBXBuildFile; fileRef = 2231159A253EBC7700B85BD4 /* RootViewController.xib */; };
		223115A4253EC09D00B85BD4 /* UserDefs.swift in Sources */ = {isa = PBXBuildFile; fileRef = 223115A3253EC09D00B85BD4 /* UserDefs.swift */; };
		223115A8253EC36100B85BD4 /* AppConstants.swift in Sources */ = {isa = PBXBuildFile; fileRef = 223115A7253EC36100B85BD4 /* AppConstants.swift */; };
		2274B33C2546AB6A006E8CA9 /* SignUpViewController.swift in Sources */ = {isa = PBXBuildFile; fileRef = 2274B33A2546AB6A006E8CA9 /* SignUpViewController.swift */; };
		2274B33D2546AB6A006E8CA9 /* SignUpViewController.xib in Resources */ = {isa = PBXBuildFile; fileRef = 2274B33B2546AB6A006E8CA9 /* SignUpViewController.xib */; };
		2286428B255FBEEE0010537F /* UIAlertController.swift in Sources */ = {isa = PBXBuildFile; fileRef = 2286428A255FBEEE0010537F /* UIAlertController.swift */; };
		22864290255FF96C0010537F /* RemindersViewController.swift in Sources */ = {isa = PBXBuildFile; fileRef = 2286428E255FF96C0010537F /* RemindersViewController.swift */; };
		22864291255FF96C0010537F /* RemindersViewController.xib in Resources */ = {isa = PBXBuildFile; fileRef = 2286428F255FF96C0010537F /* RemindersViewController.xib */; };
		2286429F256002CB0010537F /* NotesListCell.swift in Sources */ = {isa = PBXBuildFile; fileRef = 2286429D256002CB0010537F /* NotesListCell.swift */; };
		228642A0256002CB0010537F /* NotesListCell.xib in Resources */ = {isa = PBXBuildFile; fileRef = 2286429E256002CB0010537F /* NotesListCell.xib */; };
		22A80BA4254EB37600B3B159 /* NotesViewController.swift in Sources */ = {isa = PBXBuildFile; fileRef = 22A80BA2254EB37600B3B159 /* NotesViewController.swift */; };
		22A80BA5254EB37600B3B159 /* NotesViewController.xib in Resources */ = {isa = PBXBuildFile; fileRef = 22A80BA3254EB37600B3B159 /* NotesViewController.xib */; };
		22A80BA8254EB74800B3B159 /* HomeTabDataSource.swift in Sources */ = {isa = PBXBuildFile; fileRef = 22A80BA7254EB74800B3B159 /* HomeTabDataSource.swift */; };
		22A80BAC254EBB8900B3B159 /* TabsView.swift in Sources */ = {isa = PBXBuildFile; fileRef = 22A80BAB254EBB8900B3B159 /* TabsView.swift */; };
		22A80BB0254EBBBA00B3B159 /* TabsView.xib in Resources */ = {isa = PBXBuildFile; fileRef = 22A80BAF254EBBBA00B3B159 /* TabsView.xib */; };
		22A80BB6254EBD6F00B3B159 /* TabsCollectionViewCell.swift in Sources */ = {isa = PBXBuildFile; fileRef = 22A80BB4254EBD6F00B3B159 /* TabsCollectionViewCell.swift */; };
		22A80BB7254EBD6F00B3B159 /* TabsCollectionViewCell.xib in Resources */ = {isa = PBXBuildFile; fileRef = 22A80BB5254EBD6F00B3B159 /* TabsCollectionViewCell.xib */; };
		22BD61CA255FAE0700E06414 /* UIViewController+AddRemoveChildVC.swift in Sources */ = {isa = PBXBuildFile; fileRef = 22BD61C9255FAE0700E06414 /* UIViewController+AddRemoveChildVC.swift */; };
		22EA17B7253ECAC200FDE243 /* LoginViewController.swift in Sources */ = {isa = PBXBuildFile; fileRef = 22EA17B5253ECAC200FDE243 /* LoginViewController.swift */; };
		22EA17B8253ECAC200FDE243 /* LoginViewController.xib in Resources */ = {isa = PBXBuildFile; fileRef = 22EA17B6253ECAC200FDE243 /* LoginViewController.xib */; };
		22EA17BD253ECB7700FDE243 /* HomeViewController.swift in Sources */ = {isa = PBXBuildFile; fileRef = 22EA17BB253ECB7700FDE243 /* HomeViewController.swift */; };
		22EA17BE253ECB7700FDE243 /* HomeViewController.xib in Resources */ = {isa = PBXBuildFile; fileRef = 22EA17BC253ECB7700FDE243 /* HomeViewController.xib */; };
		22EA17C3253EF55800FDE243 /* Termina Medium.otf in Resources */ = {isa = PBXBuildFile; fileRef = 22EA17C2253EF55800FDE243 /* Termina Medium.otf */; };
		22EA17C6253EFF2700FDE243 /* AttributedString.swift in Sources */ = {isa = PBXBuildFile; fileRef = 22EA17C5253EFF2700FDE243 /* AttributedString.swift */; };
/* End PBXBuildFile section */

/* Begin PBXFileReference section */
		0C807D26E71FBF042C6C4DE0 /* Pods-ThinkersDiary.debug.xcconfig */ = {isa = PBXFileReference; includeInIndex = 1; lastKnownFileType = text.xcconfig; name = "Pods-ThinkersDiary.debug.xcconfig"; path = "Target Support Files/Pods-ThinkersDiary/Pods-ThinkersDiary.debug.xcconfig"; sourceTree = "<group>"; };
		22311580253EBB7800B85BD4 /* ThinkersDiary.app */ = {isa = PBXFileReference; explicitFileType = wrapper.application; includeInIndex = 0; path = ThinkersDiary.app; sourceTree = BUILT_PRODUCTS_DIR; };
		22311583253EBB7900B85BD4 /* AppDelegate.swift */ = {isa = PBXFileReference; lastKnownFileType = sourcecode.swift; path = AppDelegate.swift; sourceTree = "<group>"; };
		22311585253EBB7900B85BD4 /* SceneDelegate.swift */ = {isa = PBXFileReference; lastKnownFileType = sourcecode.swift; path = SceneDelegate.swift; sourceTree = "<group>"; };
		2231158A253EBB7900B85BD4 /* Base */ = {isa = PBXFileReference; lastKnownFileType = file.storyboard; name = Base; path = Base.lproj/Main.storyboard; sourceTree = "<group>"; };
		2231158C253EBB7900B85BD4 /* Assets.xcassets */ = {isa = PBXFileReference; lastKnownFileType = folder.assetcatalog; path = Assets.xcassets; sourceTree = "<group>"; };
		2231158F253EBB7900B85BD4 /* Base */ = {isa = PBXFileReference; lastKnownFileType = file.storyboard; name = Base; path = Base.lproj/LaunchScreen.storyboard; sourceTree = "<group>"; };
		22311591253EBB7900B85BD4 /* Info.plist */ = {isa = PBXFileReference; lastKnownFileType = text.plist.xml; path = Info.plist; sourceTree = "<group>"; };
		22311599253EBC7700B85BD4 /* RootViewController.swift */ = {isa = PBXFileReference; lastKnownFileType = sourcecode.swift; path = RootViewController.swift; sourceTree = "<group>"; };
		2231159A253EBC7700B85BD4 /* RootViewController.xib */ = {isa = PBXFileReference; lastKnownFileType = file.xib; path = RootViewController.xib; sourceTree = "<group>"; };
		223115A3253EC09D00B85BD4 /* UserDefs.swift */ = {isa = PBXFileReference; lastKnownFileType = sourcecode.swift; path = UserDefs.swift; sourceTree = "<group>"; };
		223115A7253EC36100B85BD4 /* AppConstants.swift */ = {isa = PBXFileReference; lastKnownFileType = sourcecode.swift; path = AppConstants.swift; sourceTree = "<group>"; };
		2274B33A2546AB6A006E8CA9 /* SignUpViewController.swift */ = {isa = PBXFileReference; lastKnownFileType = sourcecode.swift; path = SignUpViewController.swift; sourceTree = "<group>"; };
		2274B33B2546AB6A006E8CA9 /* SignUpViewController.xib */ = {isa = PBXFileReference; lastKnownFileType = file.xib; path = SignUpViewController.xib; sourceTree = "<group>"; };
		2286428A255FBEEE0010537F /* UIAlertController.swift */ = {isa = PBXFileReference; lastKnownFileType = sourcecode.swift; path = UIAlertController.swift; sourceTree = "<group>"; };
		2286428E255FF96C0010537F /* RemindersViewController.swift */ = {isa = PBXFileReference; lastKnownFileType = sourcecode.swift; path = RemindersViewController.swift; sourceTree = "<group>"; };
		2286428F255FF96C0010537F /* RemindersViewController.xib */ = {isa = PBXFileReference; lastKnownFileType = file.xib; path = RemindersViewController.xib; sourceTree = "<group>"; };
		2286429D256002CB0010537F /* NotesListCell.swift */ = {isa = PBXFileReference; lastKnownFileType = sourcecode.swift; path = NotesListCell.swift; sourceTree = "<group>"; };
		2286429E256002CB0010537F /* NotesListCell.xib */ = {isa = PBXFileReference; lastKnownFileType = file.xib; path = NotesListCell.xib; sourceTree = "<group>"; };
		22A80BA2254EB37600B3B159 /* NotesViewController.swift */ = {isa = PBXFileReference; lastKnownFileType = sourcecode.swift; path = NotesViewController.swift; sourceTree = "<group>"; };
		22A80BA3254EB37600B3B159 /* NotesViewController.xib */ = {isa = PBXFileReference; lastKnownFileType = file.xib; path = NotesViewController.xib; sourceTree = "<group>"; };
		22A80BA7254EB74800B3B159 /* HomeTabDataSource.swift */ = {isa = PBXFileReference; lastKnownFileType = sourcecode.swift; path = HomeTabDataSource.swift; sourceTree = "<group>"; };
		22A80BAB254EBB8900B3B159 /* TabsView.swift */ = {isa = PBXFileReference; lastKnownFileType = sourcecode.swift; path = TabsView.swift; sourceTree = "<group>"; };
		22A80BAF254EBBBA00B3B159 /* TabsView.xib */ = {isa = PBXFileReference; lastKnownFileType = file.xib; path = TabsView.xib; sourceTree = "<group>"; };
		22A80BB4254EBD6F00B3B159 /* TabsCollectionViewCell.swift */ = {isa = PBXFileReference; lastKnownFileType = sourcecode.swift; path = TabsCollectionViewCell.swift; sourceTree = "<group>"; };
		22A80BB5254EBD6F00B3B159 /* TabsCollectionViewCell.xib */ = {isa = PBXFileReference; lastKnownFileType = file.xib; path = TabsCollectionViewCell.xib; sourceTree = "<group>"; };
		22BD61C9255FAE0700E06414 /* UIViewController+AddRemoveChildVC.swift */ = {isa = PBXFileReference; lastKnownFileType = sourcecode.swift; path = "UIViewController+AddRemoveChildVC.swift"; sourceTree = "<group>"; };
		22EA17B5253ECAC200FDE243 /* LoginViewController.swift */ = {isa = PBXFileReference; lastKnownFileType = sourcecode.swift; path = LoginViewController.swift; sourceTree = "<group>"; };
		22EA17B6253ECAC200FDE243 /* LoginViewController.xib */ = {isa = PBXFileReference; lastKnownFileType = file.xib; path = LoginViewController.xib; sourceTree = "<group>"; };
		22EA17BB253ECB7700FDE243 /* HomeViewController.swift */ = {isa = PBXFileReference; lastKnownFileType = sourcecode.swift; path = HomeViewController.swift; sourceTree = "<group>"; };
		22EA17BC253ECB7700FDE243 /* HomeViewController.xib */ = {isa = PBXFileReference; lastKnownFileType = file.xib; path = HomeViewController.xib; sourceTree = "<group>"; };
		22EA17C2253EF55800FDE243 /* Termina Medium.otf */ = {isa = PBXFileReference; lastKnownFileType = file; path = "Termina Medium.otf"; sourceTree = "<group>"; };
		22EA17C5253EFF2700FDE243 /* AttributedString.swift */ = {isa = PBXFileReference; lastKnownFileType = sourcecode.swift; path = AttributedString.swift; sourceTree = "<group>"; };
		6BE6913A637E343BFC8F1739 /* Pods_ThinkersDiary.framework */ = {isa = PBXFileReference; explicitFileType = wrapper.framework; includeInIndex = 0; path = Pods_ThinkersDiary.framework; sourceTree = BUILT_PRODUCTS_DIR; };
		F2CFF9B1FAFA13C0F015D8EE /* Pods-ThinkersDiary.release.xcconfig */ = {isa = PBXFileReference; includeInIndex = 1; lastKnownFileType = text.xcconfig; name = "Pods-ThinkersDiary.release.xcconfig"; path = "Target Support Files/Pods-ThinkersDiary/Pods-ThinkersDiary.release.xcconfig"; sourceTree = "<group>"; };
/* End PBXFileReference section */

/* Begin PBXFrameworksBuildPhase section */
		2231157D253EBB7800B85BD4 /* Frameworks */ = {
			isa = PBXFrameworksBuildPhase;
			buildActionMask = 2147483647;
			files = (
				10F86346440C338098C79620 /* Pods_ThinkersDiary.framework in Frameworks */,
			);
			runOnlyForDeploymentPostprocessing = 0;
		};
/* End PBXFrameworksBuildPhase section */

/* Begin PBXGroup section */
		22311577253EBB7800B85BD4 = {
			isa = PBXGroup;
			children = (
				22311582253EBB7800B85BD4 /* ThinkersDiary */,
				22311581253EBB7800B85BD4 /* Products */,
				4D0113BED99F567CC570EB2C /* Pods */,
				FED6EC3F1895D79439B3B942 /* Frameworks */,
			);
			sourceTree = "<group>";
		};
		22311581253EBB7800B85BD4 /* Products */ = {
			isa = PBXGroup;
			children = (
				22311580253EBB7800B85BD4 /* ThinkersDiary.app */,
			);
			name = Products;
			sourceTree = "<group>";
		};
		22311582253EBB7800B85BD4 /* ThinkersDiary */ = {
			isa = PBXGroup;
			children = (
				223115A6253EC35000B85BD4 /* Utils */,
				22311598253EBC5E00B85BD4 /* Root */,
				2274B3392546AB43006E8CA9 /* SignUp */,
				22EA17B4253ECAA900FDE243 /* Login */,
				22EA17BA253ECB6600FDE243 /* Home */,
				223115A0253EBEF800B85BD4 /* Resources */,
				22311591253EBB7900B85BD4 /* Info.plist */,
			);
			path = ThinkersDiary;
			sourceTree = "<group>";
		};
		22311598253EBC5E00B85BD4 /* Root */ = {
			isa = PBXGroup;
			children = (
				22311599253EBC7700B85BD4 /* RootViewController.swift */,
				2231159A253EBC7700B85BD4 /* RootViewController.xib */,
			);
			path = Root;
			sourceTree = "<group>";
		};
		223115A0253EBEF800B85BD4 /* Resources */ = {
			isa = PBXGroup;
			children = (
				22EA17C2253EF55800FDE243 /* Termina Medium.otf */,
				22311583253EBB7900B85BD4 /* AppDelegate.swift */,
				22311585253EBB7900B85BD4 /* SceneDelegate.swift */,
				22311589253EBB7900B85BD4 /* Main.storyboard */,
				2231158C253EBB7900B85BD4 /* Assets.xcassets */,
				2231158E253EBB7900B85BD4 /* LaunchScreen.storyboard */,
			);
			path = Resources;
			sourceTree = "<group>";
		};
		223115A2253EC06600B85BD4 /* Extensions */ = {
			isa = PBXGroup;
			children = (
				223115A3253EC09D00B85BD4 /* UserDefs.swift */,
				22EA17C5253EFF2700FDE243 /* AttributedString.swift */,
				22BD61C9255FAE0700E06414 /* UIViewController+AddRemoveChildVC.swift */,
				2286428A255FBEEE0010537F /* UIAlertController.swift */,
			);
			path = Extensions;
			sourceTree = "<group>";
		};
		223115A6253EC35000B85BD4 /* Utils */ = {
			isa = PBXGroup;
			children = (
				223115A2253EC06600B85BD4 /* Extensions */,
				223115A7253EC36100B85BD4 /* AppConstants.swift */,
			);
			path = Utils;
			sourceTree = "<group>";
		};
		2274B3392546AB43006E8CA9 /* SignUp */ = {
			isa = PBXGroup;
			children = (
				2274B33A2546AB6A006E8CA9 /* SignUpViewController.swift */,
				2274B33B2546AB6A006E8CA9 /* SignUpViewController.xib */,
			);
			path = SignUp;
			sourceTree = "<group>";
		};
		2286428D255FF9400010537F /* Reminders */ = {
			isa = PBXGroup;
			children = (
				2286428E255FF96C0010537F /* RemindersViewController.swift */,
				2286428F255FF96C0010537F /* RemindersViewController.xib */,
			);
			path = Reminders;
			sourceTree = "<group>";
		};
		2286429A256002430010537F /* Cells */ = {
			isa = PBXGroup;
			children = (
				2286429C256002730010537F /* NotesListCell */,
				2286429B256002580010537F /* HeaderView */,
			);
			path = Cells;
			sourceTree = "<group>";
		};
		2286429B256002580010537F /* HeaderView */ = {
			isa = PBXGroup;
			children = (
			);
			path = HeaderView;
			sourceTree = "<group>";
		};
		2286429C256002730010537F /* NotesListCell */ = {
			isa = PBXGroup;
			children = (
				2286429D256002CB0010537F /* NotesListCell.swift */,
				2286429E256002CB0010537F /* NotesListCell.xib */,
			);
			path = NotesListCell;
			sourceTree = "<group>";
		};
		22A80BA0254EB35100B3B159 /* Sections */ = {
			isa = PBXGroup;
			children = (
				2286428D255FF9400010537F /* Reminders */,
				22A80BA1254EB35F00B3B159 /* Notes */,
			);
			path = Sections;
			sourceTree = "<group>";
		};
		22A80BA1254EB35F00B3B159 /* Notes */ = {
			isa = PBXGroup;
			children = (
				2286429A256002430010537F /* Cells */,
				22A80BA2254EB37600B3B159 /* NotesViewController.swift */,
				22A80BA3254EB37600B3B159 /* NotesViewController.xib */,
			);
			path = Notes;
			sourceTree = "<group>";
		};
		22A80BAA254EBB6200B3B159 /* TabsView */ = {
			isa = PBXGroup;
			children = (
				22A80BB2254EBD4600B3B159 /* Cell */,
				22A80BAB254EBB8900B3B159 /* TabsView.swift */,
				22A80BAF254EBBBA00B3B159 /* TabsView.xib */,
			);
			path = TabsView;
			sourceTree = "<group>";
		};
		22A80BB2254EBD4600B3B159 /* Cell */ = {
			isa = PBXGroup;
			children = (
				22A80BB4254EBD6F00B3B159 /* TabsCollectionViewCell.swift */,
				22A80BB5254EBD6F00B3B159 /* TabsCollectionViewCell.xib */,
			);
			path = Cell;
			sourceTree = "<group>";
		};
		22EA17B4253ECAA900FDE243 /* Login */ = {
			isa = PBXGroup;
			children = (
				22EA17B5253ECAC200FDE243 /* LoginViewController.swift */,
				22EA17B6253ECAC200FDE243 /* LoginViewController.xib */,
			);
			path = Login;
			sourceTree = "<group>";
		};
		22EA17BA253ECB6600FDE243 /* Home */ = {
			isa = PBXGroup;
			children = (
				22A80BAA254EBB6200B3B159 /* TabsView */,
				22A80BA0254EB35100B3B159 /* Sections */,
				22EA17BB253ECB7700FDE243 /* HomeViewController.swift */,
				22EA17BC253ECB7700FDE243 /* HomeViewController.xib */,
				22A80BA7254EB74800B3B159 /* HomeTabDataSource.swift */,
			);
			path = Home;
			sourceTree = "<group>";
		};
		4D0113BED99F567CC570EB2C /* Pods */ = {
			isa = PBXGroup;
			children = (
				0C807D26E71FBF042C6C4DE0 /* Pods-ThinkersDiary.debug.xcconfig */,
				F2CFF9B1FAFA13C0F015D8EE /* Pods-ThinkersDiary.release.xcconfig */,
			);
			path = Pods;
			sourceTree = "<group>";
		};
		FED6EC3F1895D79439B3B942 /* Frameworks */ = {
			isa = PBXGroup;
			children = (
				6BE6913A637E343BFC8F1739 /* Pods_ThinkersDiary.framework */,
			);
			name = Frameworks;
			sourceTree = "<group>";
		};
/* End PBXGroup section */

/* Begin PBXNativeTarget section */
		2231157F253EBB7800B85BD4 /* ThinkersDiary */ = {
			isa = PBXNativeTarget;
			buildConfigurationList = 22311594253EBB7900B85BD4 /* Build configuration list for PBXNativeTarget "ThinkersDiary" */;
			buildPhases = (
				B861040A9EFED93D1CA0D9EE /* [CP] Check Pods Manifest.lock */,
				2231157C253EBB7800B85BD4 /* Sources */,
				2231157D253EBB7800B85BD4 /* Frameworks */,
				2231157E253EBB7800B85BD4 /* Resources */,
			);
			buildRules = (
			);
			dependencies = (
			);
			name = ThinkersDiary;
			productName = ThinkersDiary;
			productReference = 22311580253EBB7800B85BD4 /* ThinkersDiary.app */;
			productType = "com.apple.product-type.application";
		};
/* End PBXNativeTarget section */

/* Begin PBXProject section */
		22311578253EBB7800B85BD4 /* Project object */ = {
			isa = PBXProject;
			attributes = {
				LastSwiftUpdateCheck = 1200;
				LastUpgradeCheck = 1200;
				TargetAttributes = {
					2231157F253EBB7800B85BD4 = {
						CreatedOnToolsVersion = 12.0;
					};
				};
			};
			buildConfigurationList = 2231157B253EBB7800B85BD4 /* Build configuration list for PBXProject "ThinkersDiary" */;
			compatibilityVersion = "Xcode 9.3";
			developmentRegion = en;
			hasScannedForEncodings = 0;
			knownRegions = (
				en,
				Base,
			);
			mainGroup = 22311577253EBB7800B85BD4;
			productRefGroup = 22311581253EBB7800B85BD4 /* Products */;
			projectDirPath = "";
			projectRoot = "";
			targets = (
				2231157F253EBB7800B85BD4 /* ThinkersDiary */,
			);
		};
/* End PBXProject section */

/* Begin PBXResourcesBuildPhase section */
		2231157E253EBB7800B85BD4 /* Resources */ = {
			isa = PBXResourcesBuildPhase;
			buildActionMask = 2147483647;
			files = (
				22A80BB0254EBBBA00B3B159 /* TabsView.xib in Resources */,
				22A80BB7254EBD6F00B3B159 /* TabsCollectionViewCell.xib in Resources */,
				22EA17B8253ECAC200FDE243 /* LoginViewController.xib in Resources */,
				22311590253EBB7900B85BD4 /* LaunchScreen.storyboard in Resources */,
				22864291255FF96C0010537F /* RemindersViewController.xib in Resources */,
				22A80BA5254EB37600B3B159 /* NotesViewController.xib in Resources */,
				2231158D253EBB7900B85BD4 /* Assets.xcassets in Resources */,
				2231159C253EBC7800B85BD4 /* RootViewController.xib in Resources */,
				2231158B253EBB7900B85BD4 /* Main.storyboard in Resources */,
				22EA17BE253ECB7700FDE243 /* HomeViewController.xib in Resources */,
				2274B33D2546AB6A006E8CA9 /* SignUpViewController.xib in Resources */,
				228642A0256002CB0010537F /* NotesListCell.xib in Resources */,
				22EA17C3253EF55800FDE243 /* Termina Medium.otf in Resources */,
			);
			runOnlyForDeploymentPostprocessing = 0;
		};
/* End PBXResourcesBuildPhase section */

/* Begin PBXShellScriptBuildPhase section */
		B861040A9EFED93D1CA0D9EE /* [CP] Check Pods Manifest.lock */ = {
			isa = PBXShellScriptBuildPhase;
			buildActionMask = 2147483647;
			files = (
			);
			inputFileListPaths = (
			);
			inputPaths = (
				"${PODS_PODFILE_DIR_PATH}/Podfile.lock",
				"${PODS_ROOT}/Manifest.lock",
			);
			name = "[CP] Check Pods Manifest.lock";
			outputFileListPaths = (
			);
			outputPaths = (
				"$(DERIVED_FILE_DIR)/Pods-ThinkersDiary-checkManifestLockResult.txt",
			);
			runOnlyForDeploymentPostprocessing = 0;
			shellPath = /bin/sh;
			shellScript = "diff \"${PODS_PODFILE_DIR_PATH}/Podfile.lock\" \"${PODS_ROOT}/Manifest.lock\" > /dev/null\nif [ $? != 0 ] ; then\n    # print error to STDERR\n    echo \"error: The sandbox is not in sync with the Podfile.lock. Run 'pod install' or update your CocoaPods installation.\" >&2\n    exit 1\nfi\n# This output is used by Xcode 'outputs' to avoid re-running this script phase.\necho \"SUCCESS\" > \"${SCRIPT_OUTPUT_FILE_0}\"\n";
			showEnvVarsInLog = 0;
		};
/* End PBXShellScriptBuildPhase section */

/* Begin PBXSourcesBuildPhase section */
		2231157C253EBB7800B85BD4 /* Sources */ = {
			isa = PBXSourcesBuildPhase;
			buildActionMask = 2147483647;
			files = (
				22864290255FF96C0010537F /* RemindersViewController.swift in Sources */,
				22EA17C6253EFF2700FDE243 /* AttributedString.swift in Sources */,
				22EA17B7253ECAC200FDE243 /* LoginViewController.swift in Sources */,
				223115A8253EC36100B85BD4 /* AppConstants.swift in Sources */,
				22311584253EBB7900B85BD4 /* AppDelegate.swift in Sources */,
				2286428B255FBEEE0010537F /* UIAlertController.swift in Sources */,
				22A80BA8254EB74800B3B159 /* HomeTabDataSource.swift in Sources */,
				2231159B253EBC7800B85BD4 /* RootViewController.swift in Sources */,
				22A80BAC254EBB8900B3B159 /* TabsView.swift in Sources */,
				223115A4253EC09D00B85BD4 /* UserDefs.swift in Sources */,
				22A80BB6254EBD6F00B3B159 /* TabsCollectionViewCell.swift in Sources */,
				2286429F256002CB0010537F /* NotesListCell.swift in Sources */,
				22A80BA4254EB37600B3B159 /* NotesViewController.swift in Sources */,
				22BD61CA255FAE0700E06414 /* UIViewController+AddRemoveChildVC.swift in Sources */,
				2274B33C2546AB6A006E8CA9 /* SignUpViewController.swift in Sources */,
				22EA17BD253ECB7700FDE243 /* HomeViewController.swift in Sources */,
				22311586253EBB7900B85BD4 /* SceneDelegate.swift in Sources */,
			);
			runOnlyForDeploymentPostprocessing = 0;
		};
/* End PBXSourcesBuildPhase section */

/* Begin PBXVariantGroup section */
		22311589253EBB7900B85BD4 /* Main.storyboard */ = {
			isa = PBXVariantGroup;
			children = (
				2231158A253EBB7900B85BD4 /* Base */,
			);
			name = Main.storyboard;
			sourceTree = "<group>";
		};
		2231158E253EBB7900B85BD4 /* LaunchScreen.storyboard */ = {
			isa = PBXVariantGroup;
			children = (
				2231158F253EBB7900B85BD4 /* Base */,
			);
			name = LaunchScreen.storyboard;
			sourceTree = "<group>";
		};
/* End PBXVariantGroup section */

/* Begin XCBuildConfiguration section */
		22311592253EBB7900B85BD4 /* Debug */ = {
			isa = XCBuildConfiguration;
			buildSettings = {
				ALWAYS_SEARCH_USER_PATHS = NO;
				CLANG_ANALYZER_NONNULL = YES;
				CLANG_ANALYZER_NUMBER_OBJECT_CONVERSION = YES_AGGRESSIVE;
				CLANG_CXX_LANGUAGE_STANDARD = "gnu++14";
				CLANG_CXX_LIBRARY = "libc++";
				CLANG_ENABLE_MODULES = YES;
				CLANG_ENABLE_OBJC_ARC = YES;
				CLANG_ENABLE_OBJC_WEAK = YES;
				CLANG_WARN_BLOCK_CAPTURE_AUTORELEASING = YES;
				CLANG_WARN_BOOL_CONVERSION = YES;
				CLANG_WARN_COMMA = YES;
				CLANG_WARN_CONSTANT_CONVERSION = YES;
				CLANG_WARN_DEPRECATED_OBJC_IMPLEMENTATIONS = YES;
				CLANG_WARN_DIRECT_OBJC_ISA_USAGE = YES_ERROR;
				CLANG_WARN_DOCUMENTATION_COMMENTS = YES;
				CLANG_WARN_EMPTY_BODY = YES;
				CLANG_WARN_ENUM_CONVERSION = YES;
				CLANG_WARN_INFINITE_RECURSION = YES;
				CLANG_WARN_INT_CONVERSION = YES;
				CLANG_WARN_NON_LITERAL_NULL_CONVERSION = YES;
				CLANG_WARN_OBJC_IMPLICIT_RETAIN_SELF = YES;
				CLANG_WARN_OBJC_LITERAL_CONVERSION = YES;
				CLANG_WARN_OBJC_ROOT_CLASS = YES_ERROR;
				CLANG_WARN_QUOTED_INCLUDE_IN_FRAMEWORK_HEADER = YES;
				CLANG_WARN_RANGE_LOOP_ANALYSIS = YES;
				CLANG_WARN_STRICT_PROTOTYPES = YES;
				CLANG_WARN_SUSPICIOUS_MOVE = YES;
				CLANG_WARN_UNGUARDED_AVAILABILITY = YES_AGGRESSIVE;
				CLANG_WARN_UNREACHABLE_CODE = YES;
				CLANG_WARN__DUPLICATE_METHOD_MATCH = YES;
				COPY_PHASE_STRIP = NO;
				DEBUG_INFORMATION_FORMAT = dwarf;
				ENABLE_STRICT_OBJC_MSGSEND = YES;
				ENABLE_TESTABILITY = YES;
				GCC_C_LANGUAGE_STANDARD = gnu11;
				GCC_DYNAMIC_NO_PIC = NO;
				GCC_NO_COMMON_BLOCKS = YES;
				GCC_OPTIMIZATION_LEVEL = 0;
				GCC_PREPROCESSOR_DEFINITIONS = (
					"DEBUG=1",
					"$(inherited)",
				);
				GCC_WARN_64_TO_32_BIT_CONVERSION = YES;
				GCC_WARN_ABOUT_RETURN_TYPE = YES_ERROR;
				GCC_WARN_UNDECLARED_SELECTOR = YES;
				GCC_WARN_UNINITIALIZED_AUTOS = YES_AGGRESSIVE;
				GCC_WARN_UNUSED_FUNCTION = YES;
				GCC_WARN_UNUSED_VARIABLE = YES;
				IPHONEOS_DEPLOYMENT_TARGET = 14.0;
				MTL_ENABLE_DEBUG_INFO = INCLUDE_SOURCE;
				MTL_FAST_MATH = YES;
				ONLY_ACTIVE_ARCH = YES;
				SDKROOT = iphoneos;
				SWIFT_ACTIVE_COMPILATION_CONDITIONS = DEBUG;
				SWIFT_OPTIMIZATION_LEVEL = "-Onone";
			};
			name = Debug;
		};
		22311593253EBB7900B85BD4 /* Release */ = {
			isa = XCBuildConfiguration;
			buildSettings = {
				ALWAYS_SEARCH_USER_PATHS = NO;
				CLANG_ANALYZER_NONNULL = YES;
				CLANG_ANALYZER_NUMBER_OBJECT_CONVERSION = YES_AGGRESSIVE;
				CLANG_CXX_LANGUAGE_STANDARD = "gnu++14";
				CLANG_CXX_LIBRARY = "libc++";
				CLANG_ENABLE_MODULES = YES;
				CLANG_ENABLE_OBJC_ARC = YES;
				CLANG_ENABLE_OBJC_WEAK = YES;
				CLANG_WARN_BLOCK_CAPTURE_AUTORELEASING = YES;
				CLANG_WARN_BOOL_CONVERSION = YES;
				CLANG_WARN_COMMA = YES;
				CLANG_WARN_CONSTANT_CONVERSION = YES;
				CLANG_WARN_DEPRECATED_OBJC_IMPLEMENTATIONS = YES;
				CLANG_WARN_DIRECT_OBJC_ISA_USAGE = YES_ERROR;
				CLANG_WARN_DOCUMENTATION_COMMENTS = YES;
				CLANG_WARN_EMPTY_BODY = YES;
				CLANG_WARN_ENUM_CONVERSION = YES;
				CLANG_WARN_INFINITE_RECURSION = YES;
				CLANG_WARN_INT_CONVERSION = YES;
				CLANG_WARN_NON_LITERAL_NULL_CONVERSION = YES;
				CLANG_WARN_OBJC_IMPLICIT_RETAIN_SELF = YES;
				CLANG_WARN_OBJC_LITERAL_CONVERSION = YES;
				CLANG_WARN_OBJC_ROOT_CLASS = YES_ERROR;
				CLANG_WARN_QUOTED_INCLUDE_IN_FRAMEWORK_HEADER = YES;
				CLANG_WARN_RANGE_LOOP_ANALYSIS = YES;
				CLANG_WARN_STRICT_PROTOTYPES = YES;
				CLANG_WARN_SUSPICIOUS_MOVE = YES;
				CLANG_WARN_UNGUARDED_AVAILABILITY = YES_AGGRESSIVE;
				CLANG_WARN_UNREACHABLE_CODE = YES;
				CLANG_WARN__DUPLICATE_METHOD_MATCH = YES;
				COPY_PHASE_STRIP = NO;
				DEBUG_INFORMATION_FORMAT = "dwarf-with-dsym";
				ENABLE_NS_ASSERTIONS = NO;
				ENABLE_STRICT_OBJC_MSGSEND = YES;
				GCC_C_LANGUAGE_STANDARD = gnu11;
				GCC_NO_COMMON_BLOCKS = YES;
				GCC_WARN_64_TO_32_BIT_CONVERSION = YES;
				GCC_WARN_ABOUT_RETURN_TYPE = YES_ERROR;
				GCC_WARN_UNDECLARED_SELECTOR = YES;
				GCC_WARN_UNINITIALIZED_AUTOS = YES_AGGRESSIVE;
				GCC_WARN_UNUSED_FUNCTION = YES;
				GCC_WARN_UNUSED_VARIABLE = YES;
				IPHONEOS_DEPLOYMENT_TARGET = 14.0;
				MTL_ENABLE_DEBUG_INFO = NO;
				MTL_FAST_MATH = YES;
				SDKROOT = iphoneos;
				SWIFT_COMPILATION_MODE = wholemodule;
				SWIFT_OPTIMIZATION_LEVEL = "-O";
				VALIDATE_PRODUCT = YES;
			};
			name = Release;
		};
		22311595253EBB7900B85BD4 /* Debug */ = {
			isa = XCBuildConfiguration;
			baseConfigurationReference = 0C807D26E71FBF042C6C4DE0 /* Pods-ThinkersDiary.debug.xcconfig */;
			buildSettings = {
				ASSETCATALOG_COMPILER_APPICON_NAME = AppIcon;
				ASSETCATALOG_COMPILER_GLOBAL_ACCENT_COLOR_NAME = AccentColor;
				CODE_SIGN_STYLE = Automatic;
				DEVELOPMENT_TEAM = C2S498RPXZ;
				INFOPLIST_FILE = ThinkersDiary/Info.plist;
				IPHONEOS_DEPLOYMENT_TARGET = 13.0;
				LD_RUNPATH_SEARCH_PATHS = (
					"$(inherited)",
					"@executable_path/Frameworks",
				);
				PRODUCT_BUNDLE_IDENTIFIER = com.jyo.app.ThinkersDiary;
				PRODUCT_NAME = "$(TARGET_NAME)";
				SWIFT_VERSION = 5.0;
				TARGETED_DEVICE_FAMILY = "1,2";
			};
			name = Debug;
		};
		22311596253EBB7900B85BD4 /* Release */ = {
			isa = XCBuildConfiguration;
			baseConfigurationReference = F2CFF9B1FAFA13C0F015D8EE /* Pods-ThinkersDiary.release.xcconfig */;
			buildSettings = {
				ASSETCATALOG_COMPILER_APPICON_NAME = AppIcon;
				ASSETCATALOG_COMPILER_GLOBAL_ACCENT_COLOR_NAME = AccentColor;
				CODE_SIGN_STYLE = Automatic;
				DEVELOPMENT_TEAM = C2S498RPXZ;
				INFOPLIST_FILE = ThinkersDiary/Info.plist;
				IPHONEOS_DEPLOYMENT_TARGET = 13.0;
				LD_RUNPATH_SEARCH_PATHS = (
					"$(inherited)",
					"@executable_path/Frameworks",
				);
				PRODUCT_BUNDLE_IDENTIFIER = com.jyo.app.ThinkersDiary;
				PRODUCT_NAME = "$(TARGET_NAME)";
				SWIFT_VERSION = 5.0;
				TARGETED_DEVICE_FAMILY = "1,2";
			};
			name = Release;
		};
/* End XCBuildConfiguration section */

/* Begin XCConfigurationList section */
		2231157B253EBB7800B85BD4 /* Build configuration list for PBXProject "ThinkersDiary" */ = {
			isa = XCConfigurationList;
			buildConfigurations = (
				22311592253EBB7900B85BD4 /* Debug */,
				22311593253EBB7900B85BD4 /* Release */,
			);
			defaultConfigurationIsVisible = 0;
			defaultConfigurationName = Release;
		};
		22311594253EBB7900B85BD4 /* Build configuration list for PBXNativeTarget "ThinkersDiary" */ = {
			isa = XCConfigurationList;
			buildConfigurations = (
				22311595253EBB7900B85BD4 /* Debug */,
				22311596253EBB7900B85BD4 /* Release */,
			);
			defaultConfigurationIsVisible = 0;
			defaultConfigurationName = Release;
		};
/* End XCConfigurationList section */
	};
	rootObject = 22311578253EBB7800B85BD4 /* Project object */;
}
